<?xml version="1.0" encoding="utf-8"?>
<Project ToolsVersion="4.0" xmlns="http://schemas.microsoft.com/developer/msbuild/2003">
  <ItemGroup>
    <Filter Include="源文件">
      <UniqueIdentifier>{4FC737F1-C7A5-4376-A066-2A32D752A2FF}</UniqueIdentifier>
      <Extensions>cpp;c;cc;cxx;def;odl;idl;hpj;bat;asm;asmx</Extensions>
    </Filter>
    <Filter Include="头文件">
      <UniqueIdentifier>{93995380-89BD-4b04-88EB-625FBE52EBFB}</UniqueIdentifier>
      <Extensions>h;hh;hpp;hxx;hm;inl;inc;xsd</Extensions>
    </Filter>
    <Filter Include="资源文件">
      <UniqueIdentifier>{67DA6AB6-F800-4c08-8B7A-83BB121AAD01}</UniqueIdentifier>
      <Extensions>rc;ico;cur;bmp;dlg;rc2;rct;bin;rgs;gif;jpg;jpeg;jpe;resx;tiff;tif;png;wav;mfcribbon-ms</Extensions>
    </Filter>
  </ItemGroup>
  <ItemGroup>
    <Text Include="ReadMe.txt" />
  </ItemGroup>
  <ItemGroup>
    <ClInclude Include="ChatClient.h">
      <Filter>头文件</Filter>
    </ClInclude>
    <ClInclude Include="ChatClientDlg.h">
      <Filter>头文件</Filter>
    </ClInclude>
    <ClInclude Include="stdafx.h">
      <Filter>头文件</Filter>
    </ClInclude>
    <ClInclude Include="targetver.h">
      <Filter>头文件</Filter>
    </ClInclude>
    <ClInclude Include="Resource.h">
      <Filter>头文件</Filter>
    </ClInclude>
    <ClInclude Include="MyBtn.h">
      <Filter>头文件</Filter>
    </ClInclude>
    <ClInclude Include="MySock.h">
      <Filter>头文件</Filter>
    </ClInclude>
    <ClInclude Include="Message.h">
      <Filter>头文件</Filter>
    </ClInclude>
    <ClInclude Include="RegistDlg.h">
      <Filter>头文件</Filter>
    </ClInclude>
    <ClInclude Include="SocketInstance.h">
      <Filter>头文件</Filter>
    </ClInclude>
    <ClInclude Include="Utils.h">
      <Filter>头文件</Filter>
    </ClInclude>
    <ClInclude Include="Types.h">
      <Filter>头文件</Filter>
    </ClInclude>
    <ClInclude Include="ChatPanel.h">
      <Filter>头文件</Filter>
    </ClInclude>
    <ClInclude Include="AddFriendDlg.h">
      <Filter>头文件</Filter>
    </ClInclude>
    <ClInclude Include="SysMessageDlg.h">
      <Filter>头文件</Filter>
    </ClInclude>
    <ClInclude Include="UserDomain.h">
      <Filter>头文件</Filter>
    </ClInclude>
    <ClInclude Include="ChatDlg.h">
      <Filter>头文件</Filter>
    </ClInclude>
    <ClInclude Include="MessageShowDlg.h">
      <Filter>头文件</Filter>
    </ClInclude>
    <ClInclude Include="ImageReceiveHelper.h">
      <Filter>头文件</Filter>
    </ClInclude>
    <ClInclude Include="ScreenshotDlg.h">
      <Filter>头文件</Filter>
    </ClInclude>
    <ClInclude Include="ImageSendHelper.h">
      <Filter>头文件</Filter>
    </ClInclude>
    <ClInclude Include="RemoteScreenDlg.h">
      <Filter>头文件</Filter>
    </ClInclude>
    <ClInclude Include="ScreenFrameSendHelper.h">
      <Filter>头文件</Filter>
    </ClInclude>
    <ClInclude Include="RemoteScreenShowDlg.h">
      <Filter>头文件</Filter>
    </ClInclude>
    <ClInclude Include="ScreenFrameReceiveHelper.h">
      <Filter>头文件</Filter>
    </ClInclude>
  </ItemGroup>
  <ItemGroup>
    <ClCompile Include="ChatClient.cpp">
      <Filter>源文件</Filter>
    </ClCompile>
    <ClCompile Include="ChatClientDlg.cpp">
      <Filter>源文件</Filter>
    </ClCompile>
    <ClCompile Include="stdafx.cpp">
      <Filter>源文件</Filter>
    </ClCompile>
    <ClCompile Include="MyBtn.cpp">
      <Filter>源文件</Filter>
    </ClCompile>
    <ClCompile Include="MySock.cpp">
      <Filter>源文件</Filter>
    </ClCompile>
    <ClCompile Include="RegistDlg.cpp">
      <Filter>源文件</Filter>
    </ClCompile>
    <ClCompile Include="SocketInstance.cpp">
      <Filter>源文件</Filter>
    </ClCompile>
    <ClCompile Include="Utils.cpp">
      <Filter>源文件</Filter>
    </ClCompile>
    <ClCompile Include="ChatPanel.cpp">
      <Filter>源文件</Filter>
    </ClCompile>
    <ClCompile Include="AddFriendDlg.cpp">
      <Filter>源文件</Filter>
    </ClCompile>
    <ClCompile Include="SysMessageDlg.cpp">
      <Filter>源文件</Filter>
    </ClCompile>
    <ClCompile Include="UserDomain.cpp">
      <Filter>源文件</Filter>
    </ClCompile>
    <ClCompile Include="ChatDlg.cpp">
      <Filter>源文件</Filter>
    </ClCompile>
    <ClCompile Include="MessageShowDlg.cpp">
      <Filter>源文件</Filter>
    </ClCompile>
    <ClCompile Include="ImageReceiveHelper.cpp">
      <Filter>源文件</Filter>
    </ClCompile>
    <ClCompile Include="ScreenshotDlg.cpp">
      <Filter>源文件</Filter>
    </ClCompile>
    <ClCompile Include="ImageSendHelper.cpp">
      <Filter>源文件</Filter>
    </ClCompile>
    <ClCompile Include="RemoteScreenDlg.cpp">
      <Filter>源文件</Filter>
    </ClCompile>
    <ClCompile Include="ScreenFrameSendHelper.cpp">
      <Filter>源文件</Filter>
    </ClCompile>
    <ClCompile Include="RemoteScreenShowDlg.cpp">
      <Filter>源文件</Filter>
    </ClCompile>
    <ClCompile Include="ScreenFrameReceiveHelper.cpp">
      <Filter>源文件</Filter>
    </ClCompile>
  </ItemGroup>
  <ItemGroup>
    <ResourceCompile Include="ChatClient.rc">
      <Filter>资源文件</Filter>
    </ResourceCompile>
  </ItemGroup>
  <ItemGroup>
    <None Include="res\ChatClient.rc2">
      <Filter>资源文件</Filter>
    </None>
  </ItemGroup>
  <ItemGroup>
    <Image Include="res\ChatClient.ico">
      <Filter>资源文件</Filter>
    </Image>
  </ItemGroup>
</Project>